
Microsoft Visual Studio Solution File, Format Version 12.00
# Visual Studio Version 17
VisualStudioVersion = 17.5.2.0
MinimumVisualStudioVersion = 10.0.40219.1
Project("{FAE04EC0-301F-11D3-BF4B-00C04F79EFBC}") = "4 практика", "4 практика.csproj", "{94B04111-7673-2AED-D46C-49C10F0974B5}"
EndProject
Global
	GlobalSection(SolutionConfigurationPlatforms) = preSolution
		Debug|Any CPU = Debug|Any CPU
		Release|Any CPU = Release|Any CPU
	EndGlobalSection
	GlobalSection(ProjectConfigurationPlatforms) = postSolution
		{94B04111-7673-2AED-D46C-49C10F0974B5}.Debug|Any CPU.ActiveCfg = Debug|Any CPU
		{94B04111-7673-2AED-D46C-49C10F0974B5}.Debug|Any CPU.Build.0 = Debug|Any CPU
		{94B04111-7673-2AED-D46C-49C10F0974B5}.Release|Any CPU.ActiveCfg = Release|Any CPU
		{94B04111-7673-2AED-D46C-49C10F0974B5}.Release|Any CPU.Build.0 = Release|Any CPU
	EndGlobalSection
	GlobalSection(SolutionProperties) = preSolution
		HideSolutionNode = FALSE
	EndGlobalSection
	GlobalSection(ExtensibilityGlobals) = postSolution
		SolutionGuid = {B2FF9D59-6F67-4225-A852-39A9485B1994}
	EndGlobalSection
EndGlobal
