
Microsoft Visual Studio Solution File, Format Version 12.00
# Visual Studio Version 17
VisualStudioVersion = 17.5.2.0
MinimumVisualStudioVersion = 10.0.40219.1
Project("{FAE04EC0-301F-11D3-BF4B-00C04F79EFBC}") = "5 практика", "5 практика.csproj", "{94952590-9D44-43A9-20BF-1FCAD5485D0B}"
EndProject
Global
	GlobalSection(SolutionConfigurationPlatforms) = preSolution
		Debug|Any CPU = Debug|Any CPU
		Release|Any CPU = Release|Any CPU
	EndGlobalSection
	GlobalSection(ProjectConfigurationPlatforms) = postSolution
		{94952590-9D44-43A9-20BF-1FCAD5485D0B}.Debug|Any CPU.ActiveCfg = Debug|Any CPU
		{94952590-9D44-43A9-20BF-1FCAD5485D0B}.Debug|Any CPU.Build.0 = Debug|Any CPU
		{94952590-9D44-43A9-20BF-1FCAD5485D0B}.Release|Any CPU.ActiveCfg = Release|Any CPU
		{94952590-9D44-43A9-20BF-1FCAD5485D0B}.Release|Any CPU.Build.0 = Release|Any CPU
	EndGlobalSection
	GlobalSection(SolutionProperties) = preSolution
		HideSolutionNode = FALSE
	EndGlobalSection
	GlobalSection(ExtensibilityGlobals) = postSolution
		SolutionGuid = {BABC027D-817B-4CA9-B1B5-CBC5CD4B21D6}
	EndGlobalSection
EndGlobal
